{
    "_readme": [
        "This file locks the dependencies of your project to a known state",
        "Read more about it at https://getcomposer.org/doc/01-basic-usage.md#installing-dependencies",
        "This file is @generated automatically"
    ],
    "content-hash": "bcc523ae6094f2181c7a44629c6fcdd1",
    "packages": [
        {
            "name": "anax/textfilter",
            "version": "v1.2.4",
            "source": {
                "type": "git",
                "url": "https://github.com/canax/textfilter.git",
                "reference": "92a609ec7f8caf5f04fbd9a503536239b2cdc4d7"
            },
            "dist": {
                "type": "zip",
                "url": "https://api.github.com/repos/canax/textfilter/zipball/92a609ec7f8caf5f04fbd9a503536239b2cdc4d7",
                "reference": "92a609ec7f8caf5f04fbd9a503536239b2cdc4d7",
                "shasum": ""
            },
            "require": {
                "ezyang/htmlpurifier": "^4.0",
                "michelf/php-markdown": "^1.6",
                "michelf/php-smartypants": "^1.6",
                "php": ">=7.0",
                "scrivo/highlight.php": "^9.0"
            },
            "require-dev": {
                "mustangostang/spyc": "^0.6.2",
                "phpunit/phpunit": "^7",
                "symfony/yaml": "^3.4"
            },
            "suggest": {
                "ext-json": "*",
                "ext-yaml": "*"
            },
            "type": "library",
            "autoload": {
                "psr-4": {
                    "Anax\\": "src/"
                }
            },
            "notification-url": "https://packagist.org/downloads/",
            "license": [
                "MIT"
            ],
            "authors": [
                {
                    "name": "Mikael Roos",
                    "email": "mos@dbwebb.se",
                    "homepage": "https://dbwebb.se",
                    "role": "Developer"
                }
            ],
            "description": "Anax TextFilter module, frontmatter, shortcodes, markdown.",
            "homepage": "https://dbwebb.se/anax",
            "keywords": [
                "anax",
                "education",
                "frontmatter",
                "shortcodes",
                "textprocessing"
            ],
            "time": "2018-08-15T14:37:18+00:00"
        },
        {
            "name": "ezyang/htmlpurifier",
            "version": "v4.10.0",
            "source": {
                "type": "git",
                "url": "https://github.com/ezyang/htmlpurifier.git",
                "reference": "d85d39da4576a6934b72480be6978fb10c860021"
            },
            "dist": {
                "type": "zip",
                "url": "https://api.github.com/repos/ezyang/htmlpurifier/zipball/d85d39da4576a6934b72480be6978fb10c860021",
                "reference": "d85d39da4576a6934b72480be6978fb10c860021",
                "shasum": ""
            },
            "require": {
                "php": ">=5.2"
            },
            "require-dev": {
                "simpletest/simpletest": "^1.1"
            },
            "type": "library",
            "autoload": {
                "psr-0": {
                    "HTMLPurifier": "library/"
                },
                "files": [
                    "library/HTMLPurifier.composer.php"
                ]
            },
            "notification-url": "https://packagist.org/downloads/",
            "license": [
                "LGPL"
            ],
            "authors": [
                {
                    "name": "Edward Z. Yang",
                    "email": "admin@htmlpurifier.org",
                    "homepage": "http://ezyang.com"
                }
            ],
            "description": "Standards compliant HTML filter written in PHP",
            "homepage": "http://htmlpurifier.org/",
            "keywords": [
                "html"
            ],
            "time": "2018-02-23T01:58:20+00:00"
        },
        {
            "name": "michelf/php-markdown",
            "version": "1.8.0",
            "source": {
                "type": "git",
                "url": "https://github.com/michelf/php-markdown.git",
                "reference": "01ab082b355bf188d907b9929cd99b2923053495"
            },
            "dist": {
                "type": "zip",
                "url": "https://api.github.com/repos/michelf/php-markdown/zipball/01ab082b355bf188d907b9929cd99b2923053495",
                "reference": "01ab082b355bf188d907b9929cd99b2923053495",
                "shasum": ""
            },
            "require": {
                "php": ">=5.3.0"
            },
            "type": "library",
            "autoload": {
                "psr-4": {
                    "Michelf\\": "Michelf/"
                }
            },
            "notification-url": "https://packagist.org/downloads/",
            "license": [
                "BSD-3-Clause"
            ],
            "authors": [
                {
                    "name": "Michel Fortin",
                    "email": "michel.fortin@michelf.ca",
                    "homepage": "https://michelf.ca/",
                    "role": "Developer"
                },
                {
                    "name": "John Gruber",
                    "homepage": "https://daringfireball.net/"
                }
            ],
            "description": "PHP Markdown",
            "homepage": "https://michelf.ca/projects/php-markdown/",
            "keywords": [
                "markdown"
            ],
            "time": "2018-01-15T00:49:33+00:00"
        },
        {
            "name": "michelf/php-smartypants",
            "version": "1.8.1",
            "source": {
                "type": "git",
                "url": "https://github.com/michelf/php-smartypants.git",
                "reference": "47d17c90a4dfd0ccf1f87e25c65e6c8012415aad"
            },
            "dist": {
                "type": "zip",
                "url": "https://api.github.com/repos/michelf/php-smartypants/zipball/47d17c90a4dfd0ccf1f87e25c65e6c8012415aad",
                "reference": "47d17c90a4dfd0ccf1f87e25c65e6c8012415aad",
                "shasum": ""
            },
            "require": {
                "php": ">=5.3.0"
            },
            "type": "library",
            "autoload": {
                "psr-0": {
                    "Michelf": ""
                }
            },
            "notification-url": "https://packagist.org/downloads/",
            "license": [
                "BSD-3-Clause"
            ],
            "authors": [
                {
                    "name": "Michel Fortin",
                    "email": "michel.fortin@michelf.ca",
                    "homepage": "https://michelf.ca/",
                    "role": "Developer"
                },
                {
                    "name": "John Gruber",
                    "homepage": "https://daringfireball.net/"
                }
            ],
            "description": "PHP SmartyPants",
            "homepage": "https://michelf.ca/projects/php-smartypants/",
            "keywords": [
                "dashes",
                "quotes",
                "spaces",
                "typographer",
                "typography"
            ],
            "time": "2016-12-13T01:01:17+00:00"
        },
        {
            "name": "scrivo/highlight.php",
            "version": "v9.12.0.5",
            "source": {
                "type": "git",
                "url": "https://github.com/scrivo/highlight.php.git",
                "reference": "0db45267df6b3bbae224ff86445d6407629e8b96"
            },
            "dist": {
                "type": "zip",
                "url": "https://api.github.com/repos/scrivo/highlight.php/zipball/0db45267df6b3bbae224ff86445d6407629e8b96",
                "reference": "0db45267df6b3bbae224ff86445d6407629e8b96",
                "shasum": ""
            },
            "require-dev": {
                "phpunit/phpunit": "^4.8",
                "symfony/finder": "^2.8"
            },
            "type": "library",
            "autoload": {
                "psr-0": {
                    "Highlight\\": ""
                }
            },
            "notification-url": "https://packagist.org/downloads/",
            "license": [
                "BSD-3-Clause"
            ],
            "authors": [
                {
                    "name": "Geert Bergman",
                    "homepage": "http://www.scrivo.org/",
                    "role": "Project Author"
                },
                {
                    "name": "Vladimir Jimenez",
                    "homepage": "https://allejo.io",
                    "role": "Contributor"
                },
                {
                    "name": "Martin Folkers",
                    "homepage": "https://twobrain.io",
                    "role": "Contributor"
                }
            ],
            "description": "Server side syntax highlighter that supports 176 languages. It's a PHP port of highlight.js",
            "keywords": [
                "code",
                "highlight",
                "highlight.js",
                "highlight.php",
                "syntax"
            ],
            "time": "2018-08-24T15:45:27+00:00"
        }
    ],
    "packages-dev": [],
    "aliases": [],
    "minimum-stability": "stable",
    "stability-flags": [],
    "prefer-stable": false,
    "prefer-lowest": false,
    "platform": [],
    "platform-dev": []
}
